// !$*UTF8*$!
{
	archiveVersion = 1;
	classes = {
	};
	objectVersion = 52;
	objects = {

/* Begin PBXBuildFile section */
		AD1E9709252E271B00C8DD64 /* AlarmView.swift in Sources */ = {isa = PBXBuildFile; fileRef = AD1E9708252E271B00C8DD64 /* AlarmView.swift */; };
		AD2EC358252B26310027E156 /* SoundImageView.swift in Sources */ = {isa = PBXBuildFile; fileRef = AD2EC357252B26310027E156 /* SoundImageView.swift */; };
		AD2EC35A252B274A0027E156 /* RelaxingNatureSoundsApp.swift in Sources */ = {isa = PBXBuildFile; fileRef = AD2EC359252B274A0027E156 /* RelaxingNatureSoundsApp.swift */; };
		B50660B224ED9AC8008D196F /* ContentView.swift in Sources */ = {isa = PBXBuildFile; fileRef = B50660B124ED9AC8008D196F /* ContentView.swift */; };
		B50660B424ED9ACB008D196F /* Assets.xcassets in Resources */ = {isa = PBXBuildFile; fileRef = B50660B324ED9ACB008D196F /* Assets.xcassets */; };
		B50660B724ED9ACB008D196F /* Preview Assets.xcassets in Resources */ = {isa = PBXBuildFile; fileRef = B50660B624ED9ACB008D196F /* Preview Assets.xcassets */; };
		B50660C324EDA1E5008D196F /* Cave.wav in Resources */ = {isa = PBXBuildFile; fileRef = B50660C224EDA1E5008D196F /* Cave.wav */; };
		B50660C524EDA638008D196F /* AudioPlayer.swift in Sources */ = {isa = PBXBuildFile; fileRef = B50660C424EDA638008D196F /* AudioPlayer.swift */; };
		B5223B3D24F6E33700B23591 /* nanopb.xcframework in Frameworks */ = {isa = PBXBuildFile; fileRef = B5223B3724F6E33300B23591 /* nanopb.xcframework */; };
		B5223B3E24F6E33700B23591 /* UserMessagingPlatform.framework in Frameworks */ = {isa = PBXBuildFile; fileRef = B5223B3824F6E33300B23591 /* UserMessagingPlatform.framework */; };
		B5223B3F24F6E33700B23591 /* GoogleAppMeasurement.framework in Frameworks */ = {isa = PBXBuildFile; fileRef = B5223B3924F6E33400B23591 /* GoogleAppMeasurement.framework */; };
		B5223B4024F6E33700B23591 /* GoogleUtilities.xcframework in Frameworks */ = {isa = PBXBuildFile; fileRef = B5223B3A24F6E33400B23591 /* GoogleUtilities.xcframework */; };
		B5223B4124F6E33700B23591 /* GoogleMobileAds.framework in Frameworks */ = {isa = PBXBuildFile; fileRef = B5223B3B24F6E33700B23591 /* GoogleMobileAds.framework */; };
		B5223B4224F6E33700B23591 /* PromisesObjC.xcframework in Frameworks */ = {isa = PBXBuildFile; fileRef = B5223B3C24F6E33700B23591 /* PromisesObjC.xcframework */; };
		B53FDFBB24EEECFF00AED9FE /* Mountains.wav in Resources */ = {isa = PBXBuildFile; fileRef = B53FDFBA24EEECFF00AED9FE /* Mountains.wav */; };
		B53FDFBD24EEED6D00AED9FE /* Birds.wav in Resources */ = {isa = PBXBuildFile; fileRef = B53FDFBC24EEED6D00AED9FE /* Birds.wav */; };
		B53FDFC324EEEDF200AED9FE /* Cold winter day.wav in Resources */ = {isa = PBXBuildFile; fileRef = B53FDFC224EEEDF200AED9FE /* Cold winter day.wav */; };
		B53FDFC524EEEE0200AED9FE /* Hot summer day.wav in Resources */ = {isa = PBXBuildFile; fileRef = B53FDFC424EEEE0200AED9FE /* Hot summer day.wav */; };
		B53FDFC724EEEE1B00AED9FE /* Desert.wav in Resources */ = {isa = PBXBuildFile; fileRef = B53FDFC624EEEE1B00AED9FE /* Desert.wav */; };
		B53FDFC924EEEE6A00AED9FE /* Rainforest.wav in Resources */ = {isa = PBXBuildFile; fileRef = B53FDFC824EEEE6A00AED9FE /* Rainforest.wav */; };
		B53FDFCB24EEEE8D00AED9FE /* Rain.wav in Resources */ = {isa = PBXBuildFile; fileRef = B53FDFCA24EEEE8D00AED9FE /* Rain.wav */; };
		B53FDFD124EEEFC100AED9FE /* AudioStore.swift in Sources */ = {isa = PBXBuildFile; fileRef = B53FDFD024EEEFC100AED9FE /* AudioStore.swift */; };
		B540FB7824F01DDA002AD116 /* Triangle.swift in Sources */ = {isa = PBXBuildFile; fileRef = B540FB7724F01DDA002AD116 /* Triangle.swift */; };
		B5DA5C7524FD2B4D0061B97D /* GoogleAdBannerView.swift in Sources */ = {isa = PBXBuildFile; fileRef = B5DA5C7424FD2B4D0061B97D /* GoogleAdBannerView.swift */; };
/* End PBXBuildFile section */

/* Begin PBXCopyFilesBuildPhase section */
		B5223B3624F6E0A800B23591 /* Embed Frameworks */ = {
			isa = PBXCopyFilesBuildPhase;
			buildActionMask = 2147483647;
			dstPath = "";
			dstSubfolderSpec = 10;
			files = (
			);
			name = "Embed Frameworks";
			runOnlyForDeploymentPostprocessing = 0;
		};
/* End PBXCopyFilesBuildPhase section */

/* Begin PBXFileReference section */
		AD1E9708252E271B00C8DD64 /* AlarmView.swift */ = {isa = PBXFileReference; lastKnownFileType = sourcecode.swift; path = AlarmView.swift; sourceTree = "<group>"; };
		AD2EC357252B26310027E156 /* SoundImageView.swift */ = {isa = PBXFileReference; lastKnownFileType = sourcecode.swift; path = SoundImageView.swift; sourceTree = "<group>"; };
		AD2EC359252B274A0027E156 /* RelaxingNatureSoundsApp.swift */ = {isa = PBXFileReference; lastKnownFileType = sourcecode.swift; path = RelaxingNatureSoundsApp.swift; sourceTree = "<group>"; };
		B50660AA24ED9AC8008D196F /* Nature Sounds.app */ = {isa = PBXFileReference; explicitFileType = wrapper.application; includeInIndex = 0; path = "Nature Sounds.app"; sourceTree = BUILT_PRODUCTS_DIR; };
		B50660B124ED9AC8008D196F /* ContentView.swift */ = {isa = PBXFileReference; lastKnownFileType = sourcecode.swift; path = ContentView.swift; sourceTree = "<group>"; };
		B50660B324ED9ACB008D196F /* Assets.xcassets */ = {isa = PBXFileReference; lastKnownFileType = folder.assetcatalog; path = Assets.xcassets; sourceTree = "<group>"; };
		B50660B624ED9ACB008D196F /* Preview Assets.xcassets */ = {isa = PBXFileReference; lastKnownFileType = folder.assetcatalog; path = "Preview Assets.xcassets"; sourceTree = "<group>"; };
		B50660BB24ED9ACB008D196F /* Info.plist */ = {isa = PBXFileReference; lastKnownFileType = text.plist.xml; path = Info.plist; sourceTree = "<group>"; };
		B50660C224EDA1E5008D196F /* Cave.wav */ = {isa = PBXFileReference; lastKnownFileType = audio.wav; path = Cave.wav; sourceTree = "<group>"; };
		B50660C424EDA638008D196F /* AudioPlayer.swift */ = {isa = PBXFileReference; lastKnownFileType = sourcecode.swift; path = AudioPlayer.swift; sourceTree = "<group>"; };
		B5223B3724F6E33300B23591 /* nanopb.xcframework */ = {isa = PBXFileReference; lastKnownFileType = wrapper.xcframework; path = nanopb.xcframework; sourceTree = "<group>"; };
		B5223B3824F6E33300B23591 /* UserMessagingPlatform.framework */ = {isa = PBXFileReference; lastKnownFileType = wrapper.framework; path = UserMessagingPlatform.framework; sourceTree = "<group>"; };
		B5223B3924F6E33400B23591 /* GoogleAppMeasurement.framework */ = {isa = PBXFileReference; lastKnownFileType = wrapper.framework; path = GoogleAppMeasurement.framework; sourceTree = "<group>"; };
		B5223B3A24F6E33400B23591 /* GoogleUtilities.xcframework */ = {isa = PBXFileReference; lastKnownFileType = wrapper.xcframework; path = GoogleUtilities.xcframework; sourceTree = "<group>"; };
		B5223B3B24F6E33700B23591 /* GoogleMobileAds.framework */ = {isa = PBXFileReference; lastKnownFileType = wrapper.framework; path = GoogleMobileAds.framework; sourceTree = "<group>"; };
		B5223B3C24F6E33700B23591 /* PromisesObjC.xcframework */ = {isa = PBXFileReference; lastKnownFileType = wrapper.xcframework; path = PromisesObjC.xcframework; sourceTree = "<group>"; };
		B53FDFBA24EEECFF00AED9FE /* Mountains.wav */ = {isa = PBXFileReference; lastKnownFileType = audio.wav; path = Mountains.wav; sourceTree = "<group>"; };
		B53FDFBC24EEED6D00AED9FE /* Birds.wav */ = {isa = PBXFileReference; lastKnownFileType = audio.wav; path = Birds.wav; sourceTree = "<group>"; };
		B53FDFC224EEEDF200AED9FE /* Cold winter day.wav */ = {isa = PBXFileReference; lastKnownFileType = audio.wav; path = "Cold winter day.wav"; sourceTree = "<group>"; };
		B53FDFC424EEEE0200AED9FE /* Hot summer day.wav */ = {isa = PBXFileReference; lastKnownFileType = audio.wav; path = "Hot summer day.wav"; sourceTree = "<group>"; };
		B53FDFC624EEEE1B00AED9FE /* Desert.wav */ = {isa = PBXFileReference; lastKnownFileType = audio.wav; path = Desert.wav; sourceTree = "<group>"; };
		B53FDFC824EEEE6A00AED9FE /* Rainforest.wav */ = {isa = PBXFileReference; lastKnownFileType = audio.wav; path = Rainforest.wav; sourceTree = "<group>"; };
		B53FDFCA24EEEE8D00AED9FE /* Rain.wav */ = {isa = PBXFileReference; lastKnownFileType = audio.wav; path = Rain.wav; sourceTree = "<group>"; };
		B53FDFD024EEEFC100AED9FE /* AudioStore.swift */ = {isa = PBXFileReference; lastKnownFileType = sourcecode.swift; path = AudioStore.swift; sourceTree = "<group>"; };
		B540FB7724F01DDA002AD116 /* Triangle.swift */ = {isa = PBXFileReference; lastKnownFileType = sourcecode.swift; path = Triangle.swift; sourceTree = "<group>"; };
		B5DA5C7424FD2B4D0061B97D /* GoogleAdBannerView.swift */ = {isa = PBXFileReference; lastKnownFileType = sourcecode.swift; path = GoogleAdBannerView.swift; sourceTree = "<group>"; };
/* End PBXFileReference section */

/* Begin PBXFrameworksBuildPhase section */
		B50660A724ED9AC8008D196F /* Frameworks */ = {
			isa = PBXFrameworksBuildPhase;
			buildActionMask = 2147483647;
			files = (
				B5223B3D24F6E33700B23591 /* nanopb.xcframework in Frameworks */,
				B5223B3E24F6E33700B23591 /* UserMessagingPlatform.framework in Frameworks */,
				B5223B4124F6E33700B23591 /* GoogleMobileAds.framework in Frameworks */,
				B5223B4224F6E33700B23591 /* PromisesObjC.xcframework in Frameworks */,
				B5223B3F24F6E33700B23591 /* GoogleAppMeasurement.framework in Frameworks */,
				B5223B4024F6E33700B23591 /* GoogleUtilities.xcframework in Frameworks */,
			);
			runOnlyForDeploymentPostprocessing = 0;
		};
/* End PBXFrameworksBuildPhase section */

/* Begin PBXGroup section */
		B50660A124ED9AC8008D196F = {
			isa = PBXGroup;
			children = (
				B50660AC24ED9AC8008D196F /* RelaxingNatureSounds */,
				B50660AB24ED9AC8008D196F /* Products */,
				B5223B2324F6E0A800B23591 /* Frameworks */,
			);
			sourceTree = "<group>";
		};
		B50660AB24ED9AC8008D196F /* Products */ = {
			isa = PBXGroup;
			children = (
				B50660AA24ED9AC8008D196F /* Nature Sounds.app */,
			);
			name = Products;
			sourceTree = "<group>";
		};
		B50660AC24ED9AC8008D196F /* RelaxingNatureSounds */ = {
			isa = PBXGroup;
			children = (
				B50660C124ED9B57008D196F /* Sounds */,
				B540FB7624F01DCA002AD116 /* Shapes */,
				AD2EC359252B274A0027E156 /* RelaxingNatureSoundsApp.swift */,
				B50660C424EDA638008D196F /* AudioPlayer.swift */,
				B53FDFD024EEEFC100AED9FE /* AudioStore.swift */,
				B50660B124ED9AC8008D196F /* ContentView.swift */,
				AD1E9708252E271B00C8DD64 /* AlarmView.swift */,
				AD2EC357252B26310027E156 /* SoundImageView.swift */,
				B5DA5C7424FD2B4D0061B97D /* GoogleAdBannerView.swift */,
				B50660B324ED9ACB008D196F /* Assets.xcassets */,
				B50660BB24ED9ACB008D196F /* Info.plist */,
				B50660B524ED9ACB008D196F /* Preview Content */,
			);
			path = RelaxingNatureSounds;
			sourceTree = "<group>";
		};
		B50660B524ED9ACB008D196F /* Preview Content */ = {
			isa = PBXGroup;
			children = (
				B50660B624ED9ACB008D196F /* Preview Assets.xcassets */,
			);
			path = "Preview Content";
			sourceTree = "<group>";
		};
		B50660C124ED9B57008D196F /* Sounds */ = {
			isa = PBXGroup;
			children = (
				B53FDFBC24EEED6D00AED9FE /* Birds.wav */,
				B50660C224EDA1E5008D196F /* Cave.wav */,
				B53FDFC224EEEDF200AED9FE /* Cold winter day.wav */,
				B53FDFC624EEEE1B00AED9FE /* Desert.wav */,
				B53FDFC424EEEE0200AED9FE /* Hot summer day.wav */,
				B53FDFBA24EEECFF00AED9FE /* Mountains.wav */,
				B53FDFCA24EEEE8D00AED9FE /* Rain.wav */,
				B53FDFC824EEEE6A00AED9FE /* Rainforest.wav */,
			);
			path = Sounds;
			sourceTree = "<group>";
		};
		B5223B2324F6E0A800B23591 /* Frameworks */ = {
			isa = PBXGroup;
			children = (
				B5223B3924F6E33400B23591 /* GoogleAppMeasurement.framework */,
				B5223B3B24F6E33700B23591 /* GoogleMobileAds.framework */,
				B5223B3A24F6E33400B23591 /* GoogleUtilities.xcframework */,
				B5223B3724F6E33300B23591 /* nanopb.xcframework */,
				B5223B3C24F6E33700B23591 /* PromisesObjC.xcframework */,
				B5223B3824F6E33300B23591 /* UserMessagingPlatform.framework */,
			);
			name = Frameworks;
			sourceTree = "<group>";
		};
		B540FB7624F01DCA002AD116 /* Shapes */ = {
			isa = PBXGroup;
			children = (
				B540FB7724F01DDA002AD116 /* Triangle.swift */,
			);
			path = Shapes;
			sourceTree = "<group>";
		};
/* End PBXGroup section */

/* Begin PBXNativeTarget section */
		B50660A924ED9AC8008D196F /* RelaxingNatureSounds */ = {
			isa = PBXNativeTarget;
			buildConfigurationList = B50660BE24ED9ACB008D196F /* Build configuration list for PBXNativeTarget "RelaxingNatureSounds" */;
			buildPhases = (
				B50660A624ED9AC8008D196F /* Sources */,
				B50660A724ED9AC8008D196F /* Frameworks */,
				B50660A824ED9AC8008D196F /* Resources */,
				B5223B3624F6E0A800B23591 /* Embed Frameworks */,
			);
			buildRules = (
			);
			dependencies = (
			);
			name = RelaxingNatureSounds;
			productName = RelaxingNatureSounds;
			productReference = B50660AA24ED9AC8008D196F /* Nature Sounds.app */;
			productType = "com.apple.product-type.application";
		};
/* End PBXNativeTarget section */

/* Begin PBXProject section */
		B50660A224ED9AC8008D196F /* Project object */ = {
			isa = PBXProject;
			attributes = {
				LastSwiftUpdateCheck = 1160;
				LastUpgradeCheck = 1200;
				ORGANIZATIONNAME = "Marko Kramar";
				TargetAttributes = {
					B50660A924ED9AC8008D196F = {
						CreatedOnToolsVersion = 11.6;
					};
				};
			};
			buildConfigurationList = B50660A524ED9AC8008D196F /* Build configuration list for PBXProject "RelaxingNatureSounds" */;
			compatibilityVersion = "Xcode 9.3";
			developmentRegion = en;
			hasScannedForEncodings = 0;
			knownRegions = (
				en,
				Base,
			);
			mainGroup = B50660A124ED9AC8008D196F;
			productRefGroup = B50660AB24ED9AC8008D196F /* Products */;
			projectDirPath = "";
			projectRoot = "";
			targets = (
				B50660A924ED9AC8008D196F /* RelaxingNatureSounds */,
			);
		};
/* End PBXProject section */

/* Begin PBXResourcesBuildPhase section */
		B50660A824ED9AC8008D196F /* Resources */ = {
			isa = PBXResourcesBuildPhase;
			buildActionMask = 2147483647;
			files = (
				B53FDFC524EEEE0200AED9FE /* Hot summer day.wav in Resources */,
				B50660C324EDA1E5008D196F /* Cave.wav in Resources */,
				B53FDFBD24EEED6D00AED9FE /* Birds.wav in Resources */,
				B53FDFCB24EEEE8D00AED9FE /* Rain.wav in Resources */,
				B53FDFBB24EEECFF00AED9FE /* Mountains.wav in Resources */,
				B53FDFC324EEEDF200AED9FE /* Cold winter day.wav in Resources */,
				B53FDFC924EEEE6A00AED9FE /* Rainforest.wav in Resources */,
				B53FDFC724EEEE1B00AED9FE /* Desert.wav in Resources */,
				B50660B724ED9ACB008D196F /* Preview Assets.xcassets in Resources */,
				B50660B424ED9ACB008D196F /* Assets.xcassets in Resources */,
			);
			runOnlyForDeploymentPostprocessing = 0;
		};
/* End PBXResourcesBuildPhase section */

/* Begin PBXSourcesBuildPhase section */
		B50660A624ED9AC8008D196F /* Sources */ = {
			isa = PBXSourcesBuildPhase;
			buildActionMask = 2147483647;
			files = (
				B53FDFD124EEEFC100AED9FE /* AudioStore.swift in Sources */,
				B5DA5C7524FD2B4D0061B97D /* GoogleAdBannerView.swift in Sources */,
				AD1E9709252E271B00C8DD64 /* AlarmView.swift in Sources */,
				AD2EC358252B26310027E156 /* SoundImageView.swift in Sources */,
				B50660B224ED9AC8008D196F /* ContentView.swift in Sources */,
				B540FB7824F01DDA002AD116 /* Triangle.swift in Sources */,
				AD2EC35A252B274A0027E156 /* RelaxingNatureSoundsApp.swift in Sources */,
				B50660C524EDA638008D196F /* AudioPlayer.swift in Sources */,
			);
			runOnlyForDeploymentPostprocessing = 0;
		};
/* End PBXSourcesBuildPhase section */

/* Begin XCBuildConfiguration section */
		B50660BC24ED9ACB008D196F /* Debug */ = {
			isa = XCBuildConfiguration;
			buildSettings = {
				ALWAYS_SEARCH_USER_PATHS = NO;
				CLANG_ANALYZER_NONNULL = YES;
				CLANG_ANALYZER_NUMBER_OBJECT_CONVERSION = YES_AGGRESSIVE;
				CLANG_CXX_LANGUAGE_STANDARD = "gnu++14";
				CLANG_CXX_LIBRARY = "libc++";
				CLANG_ENABLE_MODULES = YES;
				CLANG_ENABLE_OBJC_ARC = YES;
				CLANG_ENABLE_OBJC_WEAK = YES;
				CLANG_WARN_BLOCK_CAPTURE_AUTORELEASING = YES;
				CLANG_WARN_BOOL_CONVERSION = YES;
				CLANG_WARN_COMMA = YES;
				CLANG_WARN_CONSTANT_CONVERSION = YES;
				CLANG_WARN_DEPRECATED_OBJC_IMPLEMENTATIONS = YES;
				CLANG_WARN_DIRECT_OBJC_ISA_USAGE = YES_ERROR;
				CLANG_WARN_DOCUMENTATION_COMMENTS = YES;
				CLANG_WARN_EMPTY_BODY = YES;
				CLANG_WARN_ENUM_CONVERSION = YES;
				CLANG_WARN_INFINITE_RECURSION = YES;
				CLANG_WARN_INT_CONVERSION = YES;
				CLANG_WARN_NON_LITERAL_NULL_CONVERSION = YES;
				CLANG_WARN_OBJC_IMPLICIT_RETAIN_SELF = YES;
				CLANG_WARN_OBJC_LITERAL_CONVERSION = YES;
				CLANG_WARN_OBJC_ROOT_CLASS = YES_ERROR;
				CLANG_WARN_QUOTED_INCLUDE_IN_FRAMEWORK_HEADER = YES;
				CLANG_WARN_RANGE_LOOP_ANALYSIS = YES;
				CLANG_WARN_STRICT_PROTOTYPES = YES;
				CLANG_WARN_SUSPICIOUS_MOVE = YES;
				CLANG_WARN_UNGUARDED_AVAILABILITY = YES_AGGRESSIVE;
				CLANG_WARN_UNREACHABLE_CODE = YES;
				CLANG_WARN__DUPLICATE_METHOD_MATCH = YES;
				COPY_PHASE_STRIP = NO;
				DEBUG_INFORMATION_FORMAT = dwarf;
				ENABLE_STRICT_OBJC_MSGSEND = YES;
				ENABLE_TESTABILITY = YES;
				GCC_C_LANGUAGE_STANDARD = gnu11;
				GCC_DYNAMIC_NO_PIC = NO;
				GCC_NO_COMMON_BLOCKS = YES;
				GCC_OPTIMIZATION_LEVEL = 0;
				GCC_PREPROCESSOR_DEFINITIONS = (
					"DEBUG=1",
					"$(inherited)",
				);
				GCC_WARN_64_TO_32_BIT_CONVERSION = YES;
				GCC_WARN_ABOUT_RETURN_TYPE = YES_ERROR;
				GCC_WARN_UNDECLARED_SELECTOR = YES;
				GCC_WARN_UNINITIALIZED_AUTOS = YES_AGGRESSIVE;
				GCC_WARN_UNUSED_FUNCTION = YES;
				GCC_WARN_UNUSED_VARIABLE = YES;
				IPHONEOS_DEPLOYMENT_TARGET = 14.0;
				MTL_ENABLE_DEBUG_INFO = INCLUDE_SOURCE;
				MTL_FAST_MATH = YES;
				ONLY_ACTIVE_ARCH = YES;
				SDKROOT = iphoneos;
				SWIFT_ACTIVE_COMPILATION_CONDITIONS = DEBUG;
				SWIFT_OPTIMIZATION_LEVEL = "-Onone";
			};
			name = Debug;
		};
		B50660BD24ED9ACB008D196F /* Release */ = {
			isa = XCBuildConfiguration;
			buildSettings = {
				ALWAYS_SEARCH_USER_PATHS = NO;
				CLANG_ANALYZER_NONNULL = YES;
				CLANG_ANALYZER_NUMBER_OBJECT_CONVERSION = YES_AGGRESSIVE;
				CLANG_CXX_LANGUAGE_STANDARD = "gnu++14";
				CLANG_CXX_LIBRARY = "libc++";
				CLANG_ENABLE_MODULES = YES;
				CLANG_ENABLE_OBJC_ARC = YES;
				CLANG_ENABLE_OBJC_WEAK = YES;
				CLANG_WARN_BLOCK_CAPTURE_AUTORELEASING = YES;
				CLANG_WARN_BOOL_CONVERSION = YES;
				CLANG_WARN_COMMA = YES;
				CLANG_WARN_CONSTANT_CONVERSION = YES;
				CLANG_WARN_DEPRECATED_OBJC_IMPLEMENTATIONS = YES;
				CLANG_WARN_DIRECT_OBJC_ISA_USAGE = YES_ERROR;
				CLANG_WARN_DOCUMENTATION_COMMENTS = YES;
				CLANG_WARN_EMPTY_BODY = YES;
				CLANG_WARN_ENUM_CONVERSION = YES;
				CLANG_WARN_INFINITE_RECURSION = YES;
				CLANG_WARN_INT_CONVERSION = YES;
				CLANG_WARN_NON_LITERAL_NULL_CONVERSION = YES;
				CLANG_WARN_OBJC_IMPLICIT_RETAIN_SELF = YES;
				CLANG_WARN_OBJC_LITERAL_CONVERSION = YES;
				CLANG_WARN_OBJC_ROOT_CLASS = YES_ERROR;
				CLANG_WARN_QUOTED_INCLUDE_IN_FRAMEWORK_HEADER = YES;
				CLANG_WARN_RANGE_LOOP_ANALYSIS = YES;
				CLANG_WARN_STRICT_PROTOTYPES = YES;
				CLANG_WARN_SUSPICIOUS_MOVE = YES;
				CLANG_WARN_UNGUARDED_AVAILABILITY = YES_AGGRESSIVE;
				CLANG_WARN_UNREACHABLE_CODE = YES;
				CLANG_WARN__DUPLICATE_METHOD_MATCH = YES;
				COPY_PHASE_STRIP = NO;
				DEBUG_INFORMATION_FORMAT = "dwarf-with-dsym";
				ENABLE_NS_ASSERTIONS = NO;
				ENABLE_STRICT_OBJC_MSGSEND = YES;
				GCC_C_LANGUAGE_STANDARD = gnu11;
				GCC_NO_COMMON_BLOCKS = YES;
				GCC_WARN_64_TO_32_BIT_CONVERSION = YES;
				GCC_WARN_ABOUT_RETURN_TYPE = YES_ERROR;
				GCC_WARN_UNDECLARED_SELECTOR = YES;
				GCC_WARN_UNINITIALIZED_AUTOS = YES_AGGRESSIVE;
				GCC_WARN_UNUSED_FUNCTION = YES;
				GCC_WARN_UNUSED_VARIABLE = YES;
				IPHONEOS_DEPLOYMENT_TARGET = 14.0;
				MTL_ENABLE_DEBUG_INFO = NO;
				MTL_FAST_MATH = YES;
				SDKROOT = iphoneos;
				SWIFT_COMPILATION_MODE = wholemodule;
				SWIFT_OPTIMIZATION_LEVEL = "-O";
				VALIDATE_PRODUCT = YES;
			};
			name = Release;
		};
		B50660BF24ED9ACB008D196F /* Debug */ = {
			isa = XCBuildConfiguration;
			buildSettings = {
				ASSETCATALOG_COMPILER_APPICON_NAME = AppIcon;
				CODE_SIGN_STYLE = Automatic;
				DEVELOPMENT_ASSET_PATHS = "\"RelaxingNatureSounds/Preview Content\"";
				DEVELOPMENT_TEAM = D6Z6GBS4J9;
				ENABLE_PREVIEWS = YES;
				FRAMEWORK_SEARCH_PATHS = (
					"$(inherited)",
					"$(PROJECT_DIR)",
				);
				INFOPLIST_FILE = RelaxingNatureSounds/Info.plist;
				LD_RUNPATH_SEARCH_PATHS = (
					"$(inherited)",
					"@executable_path/Frameworks",
				);
				OTHER_LDFLAGS = "-ObjC";
				PRODUCT_BUNDLE_IDENTIFIER = com.markokramar.RelaxingNatureSounds;
				PRODUCT_NAME = "Nature Sounds";
				SWIFT_VERSION = 5.0;
				TARGETED_DEVICE_FAMILY = "1,2";
			};
			name = Debug;
		};
		B50660C024ED9ACB008D196F /* Release */ = {
			isa = XCBuildConfiguration;
			buildSettings = {
				ASSETCATALOG_COMPILER_APPICON_NAME = AppIcon;
				CODE_SIGN_STYLE = Automatic;
				DEVELOPMENT_ASSET_PATHS = "\"RelaxingNatureSounds/Preview Content\"";
				DEVELOPMENT_TEAM = D6Z6GBS4J9;
				ENABLE_PREVIEWS = YES;
				FRAMEWORK_SEARCH_PATHS = (
					"$(inherited)",
					"$(PROJECT_DIR)",
				);
				INFOPLIST_FILE = RelaxingNatureSounds/Info.plist;
				LD_RUNPATH_SEARCH_PATHS = (
					"$(inherited)",
					"@executable_path/Frameworks",
				);
				OTHER_LDFLAGS = "-ObjC";
				PRODUCT_BUNDLE_IDENTIFIER = com.markokramar.RelaxingNatureSounds;
				PRODUCT_NAME = "Nature Sounds";
				SWIFT_VERSION = 5.0;
				TARGETED_DEVICE_FAMILY = "1,2";
			};
			name = Release;
		};
/* End XCBuildConfiguration section */

/* Begin XCConfigurationList section */
		B50660A524ED9AC8008D196F /* Build configuration list for PBXProject "RelaxingNatureSounds" */ = {
			isa = XCConfigurationList;
			buildConfigurations = (
				B50660BC24ED9ACB008D196F /* Debug */,
				B50660BD24ED9ACB008D196F /* Release */,
			);
			defaultConfigurationIsVisible = 0;
			defaultConfigurationName = Release;
		};
		B50660BE24ED9ACB008D196F /* Build configuration list for PBXNativeTarget "RelaxingNatureSounds" */ = {
			isa = XCConfigurationList;
			buildConfigurations = (
				B50660BF24ED9ACB008D196F /* Debug */,
				B50660C024ED9ACB008D196F /* Release */,
			);
			defaultConfigurationIsVisible = 0;
			defaultConfigurationName = Release;
		};
/* End XCConfigurationList section */
	};
	rootObject = B50660A224ED9AC8008D196F /* Project object */;
}
